
Microsoft Visual Studio Solution File, Format Version 12.00
# Visual Studio Version 17
VisualStudioVersion = 17.9.34622.214
MinimumVisualStudioVersion = 10.0.40219.1
Project("{FAE04EC0-301F-11D3-BF4B-00C04F79EFBC}") = "Nothing", "Nothing\Nothing.csproj", "{7874E34A-D18A-4687-9A18-88D09C6B8E78}"
EndProject
Global
	GlobalSection(SolutionConfigurationPlatforms) = preSolution
		Debug|Any CPU = Debug|Any CPU
		Release|Any CPU = Release|Any CPU
	EndGlobalSection
	GlobalSection(ProjectConfigurationPlatforms) = postSolution
		{7874E34A-D18A-4687-9A18-88D09C6B8E78}.Debug|Any CPU.ActiveCfg = Debug|Any CPU
		{7874E34A-D18A-4687-9A18-88D09C6B8E78}.Debug|Any CPU.Build.0 = Debug|Any CPU
		{7874E34A-D18A-4687-9A18-88D09C6B8E78}.Release|Any CPU.ActiveCfg = Release|Any CPU
		{7874E34A-D18A-4687-9A18-88D09C6B8E78}.Release|Any CPU.Build.0 = Release|Any CPU
	EndGlobalSection
	GlobalSection(SolutionProperties) = preSolution
		HideSolutionNode = FALSE
	EndGlobalSection
	GlobalSection(ExtensibilityGlobals) = postSolution
		SolutionGuid = {79D2AB33-F729-4EE4-8A3B-FE4994BE5A1C}
	EndGlobalSection
EndGlobal
