
Microsoft Visual Studio Solution File, Format Version 12.00
# Visual Studio Version 17
VisualStudioVersion = 17.9.34622.214
MinimumVisualStudioVersion = 10.0.40219.1
Project("{9A19103F-16F7-4668-BE54-9A1E7A4F7556}") = "Nothing", "Nothing\Nothing.csproj", "{7874E34A-D18A-4687-9A18-88D09C6B8E78}"
EndProject
Project("{9A19103F-16F7-4668-BE54-9A1E7A4F7556}") = "Nothing3", "Nothing3\Nothing3.csproj", "{5B3AAE99-E7D0-4D4E-8FB2-476591644077}"
EndProject
Project("{9A19103F-16F7-4668-BE54-9A1E7A4F7556}") = "Nothing4", "Nothing4\Nothing4.csproj", "{60D5EEDC-2247-496B-AB87-10D3FED0C17A}"
EndProject
Project("{9A19103F-16F7-4668-BE54-9A1E7A4F7556}") = "Nothing5", "Nothing5\Nothing5.csproj", "{C4B9E22B-DCF5-42CC-B35F-F9B8329A3868}"
EndProject
Project("{FAE04EC0-301F-11D3-BF4B-00C04F79EFBC}") = "Nothing6", "Nothing6\Nothing6.csproj", "{081E61AA-595A-4214-8604-E3E4FDC94C27}"
EndProject
Global
	GlobalSection(SolutionConfigurationPlatforms) = preSolution
		Debug|Any CPU = Debug|Any CPU
		Release|Any CPU = Release|Any CPU
	EndGlobalSection
	GlobalSection(ProjectConfigurationPlatforms) = postSolution
		{7874E34A-D18A-4687-9A18-88D09C6B8E78}.Debug|Any CPU.ActiveCfg = Debug|Any CPU
		{7874E34A-D18A-4687-9A18-88D09C6B8E78}.Debug|Any CPU.Build.0 = Debug|Any CPU
		{7874E34A-D18A-4687-9A18-88D09C6B8E78}.Release|Any CPU.ActiveCfg = Release|Any CPU
		{7874E34A-D18A-4687-9A18-88D09C6B8E78}.Release|Any CPU.Build.0 = Release|Any CPU
		{5B3AAE99-E7D0-4D4E-8FB2-476591644077}.Debug|Any CPU.ActiveCfg = Debug|Any CPU
		{5B3AAE99-E7D0-4D4E-8FB2-476591644077}.Debug|Any CPU.Build.0 = Debug|Any CPU
		{5B3AAE99-E7D0-4D4E-8FB2-476591644077}.Release|Any CPU.ActiveCfg = Release|Any CPU
		{5B3AAE99-E7D0-4D4E-8FB2-476591644077}.Release|Any CPU.Build.0 = Release|Any CPU
		{60D5EEDC-2247-496B-AB87-10D3FED0C17A}.Debug|Any CPU.ActiveCfg = Debug|Any CPU
		{60D5EEDC-2247-496B-AB87-10D3FED0C17A}.Debug|Any CPU.Build.0 = Debug|Any CPU
		{60D5EEDC-2247-496B-AB87-10D3FED0C17A}.Release|Any CPU.ActiveCfg = Release|Any CPU
		{60D5EEDC-2247-496B-AB87-10D3FED0C17A}.Release|Any CPU.Build.0 = Release|Any CPU
		{C4B9E22B-DCF5-42CC-B35F-F9B8329A3868}.Debug|Any CPU.ActiveCfg = Debug|Any CPU
		{C4B9E22B-DCF5-42CC-B35F-F9B8329A3868}.Debug|Any CPU.Build.0 = Debug|Any CPU
		{C4B9E22B-DCF5-42CC-B35F-F9B8329A3868}.Release|Any CPU.ActiveCfg = Release|Any CPU
		{C4B9E22B-DCF5-42CC-B35F-F9B8329A3868}.Release|Any CPU.Build.0 = Release|Any CPU
		{081E61AA-595A-4214-8604-E3E4FDC94C27}.Debug|Any CPU.ActiveCfg = Debug|Any CPU
		{081E61AA-595A-4214-8604-E3E4FDC94C27}.Debug|Any CPU.Build.0 = Debug|Any CPU
		{081E61AA-595A-4214-8604-E3E4FDC94C27}.Release|Any CPU.ActiveCfg = Release|Any CPU
		{081E61AA-595A-4214-8604-E3E4FDC94C27}.Release|Any CPU.Build.0 = Release|Any CPU
	EndGlobalSection
	GlobalSection(SolutionProperties) = preSolution
		HideSolutionNode = FALSE
	EndGlobalSection
	GlobalSection(ExtensibilityGlobals) = postSolution
		SolutionGuid = {79D2AB33-F729-4EE4-8A3B-FE4994BE5A1C}
	EndGlobalSection
EndGlobal
